
Microsoft Visual Studio Solution File, Format Version 12.00
# Visual Studio Version 16
VisualStudioVersion = 16.0.31205.134
MinimumVisualStudioVersion = 10.0.40219.1
Project("{FAE04EC0-301F-11D3-BF4B-00C04F79EFBC}") = "SmartSchool.API", "SmartSchool.API\SmartSchool.API.csproj", "{89CCCC4E-EE0B-47FA-87EF-DA909ECDBFCA}"
EndProject
Global
	GlobalSection(SolutionConfigurationPlatforms) = preSolution
		Debug|Any CPU = Debug|Any CPU
		Release|Any CPU = Release|Any CPU
	EndGlobalSection
	GlobalSection(ProjectConfigurationPlatforms) = postSolution
		{89CCCC4E-EE0B-47FA-87EF-DA909ECDBFCA}.Debug|Any CPU.ActiveCfg = Debug|Any CPU
		{89CCCC4E-EE0B-47FA-87EF-DA909ECDBFCA}.Debug|Any CPU.Build.0 = Debug|Any CPU
		{89CCCC4E-EE0B-47FA-87EF-DA909ECDBFCA}.Release|Any CPU.ActiveCfg = Release|Any CPU
		{89CCCC4E-EE0B-47FA-87EF-DA909ECDBFCA}.Release|Any CPU.Build.0 = Release|Any CPU
	EndGlobalSection
	GlobalSection(SolutionProperties) = preSolution
		HideSolutionNode = FALSE
	EndGlobalSection
	GlobalSection(ExtensibilityGlobals) = postSolution
		SolutionGuid = {3B26C4CE-6F91-4F86-8E0B-2208EBCB9F9A}
	EndGlobalSection
EndGlobal
